// !$*UTF8*$!
{
	archiveVersion = 1;
	classes = {
	};
	objectVersion = 46;
	objects = {

/* Begin PBXBuildFile section */
		205474471DDB44460029686C /* AppDelegate.swift in Sources */ = {isa = PBXBuildFile; fileRef = 205474461DDB44460029686C /* AppDelegate.swift */; };
		205474491DDB44460029686C /* HomeViewController.swift in Sources */ = {isa = PBXBuildFile; fileRef = 205474481DDB44460029686C /* HomeViewController.swift */; };
		2054744C1DDB44460029686C /* Main.storyboard in Resources */ = {isa = PBXBuildFile; fileRef = 2054744A1DDB44460029686C /* Main.storyboard */; };
		2054744F1DDB44460029686C /* supWeather.xcdatamodeld in Sources */ = {isa = PBXBuildFile; fileRef = 2054744D1DDB44460029686C /* supWeather.xcdatamodeld */; };
		205474511DDB44460029686C /* Assets.xcassets in Resources */ = {isa = PBXBuildFile; fileRef = 205474501DDB44460029686C /* Assets.xcassets */; };
		205474541DDB44460029686C /* LaunchScreen.storyboard in Resources */ = {isa = PBXBuildFile; fileRef = 205474521DDB44460029686C /* LaunchScreen.storyboard */; };
		2088F8371E02DFFB00659E83 /* TransparentNavigationBar.swift in Sources */ = {isa = PBXBuildFile; fileRef = 2088F8361E02DFFB00659E83 /* TransparentNavigationBar.swift */; };
		209079381E02EC75000B1B2C /* HourlyForecastTableViewCell.swift in Sources */ = {isa = PBXBuildFile; fileRef = 209079371E02EC75000B1B2C /* HourlyForecastTableViewCell.swift */; };
		2090793B1E02EE7C000B1B2C /* DailyForecatTableViewCell.swift in Sources */ = {isa = PBXBuildFile; fileRef = 2090793A1E02EE7C000B1B2C /* DailyForecatTableViewCell.swift */; };
		20B79CB51E03491A00E8D39D /* LocationOperation.swift in Sources */ = {isa = PBXBuildFile; fileRef = 20B79CB41E03491A00E8D39D /* LocationOperation.swift */; };
		20B79CB91E03621B00E8D39D /* WeatherType.swift in Sources */ = {isa = PBXBuildFile; fileRef = 20B79CB81E03621B00E8D39D /* WeatherType.swift */; };
		20B79CBB1E03622E00E8D39D /* WeekDays.swift in Sources */ = {isa = PBXBuildFile; fileRef = 20B79CBA1E03622E00E8D39D /* WeekDays.swift */; };
		20E61E8F1DDB470500D68D87 /* APIRouter.swift in Sources */ = {isa = PBXBuildFile; fileRef = 20E61E8E1DDB470500D68D87 /* APIRouter.swift */; };
		20E61E921DDB47C000D68D87 /* NetworkOperation.swift in Sources */ = {isa = PBXBuildFile; fileRef = 20E61E911DDB47C000D68D87 /* NetworkOperation.swift */; };
		20E61E941DDB47DC00D68D87 /* APIResult.swift in Sources */ = {isa = PBXBuildFile; fileRef = 20E61E931DDB47DC00D68D87 /* APIResult.swift */; };
		20E61E961DDB485D00D68D87 /* HTTPManager.swift in Sources */ = {isa = PBXBuildFile; fileRef = 20E61E951DDB485D00D68D87 /* HTTPManager.swift */; };
		20E61E991DDB538700D68D87 /* R.generated.swift in Sources */ = {isa = PBXBuildFile; fileRef = 20E61E981DDB538700D68D87 /* R.generated.swift */; };
		20E61E9C1DDB5C0A00D68D87 /* DarkSky.swift in Sources */ = {isa = PBXBuildFile; fileRef = 20E61E9B1DDB5C0A00D68D87 /* DarkSky.swift */; };
		20E61EA21DDB623900D68D87 /* ForecastCollectionViewCell.swift in Sources */ = {isa = PBXBuildFile; fileRef = 20E61EA01DDB623900D68D87 /* ForecastCollectionViewCell.swift */; };
		20E61EA31DDB623900D68D87 /* ForecastCollectionViewCell.xib in Resources */ = {isa = PBXBuildFile; fileRef = 20E61EA11DDB623900D68D87 /* ForecastCollectionViewCell.xib */; };
		20E9D7BF1DF44D4F00FDBE6F /* Lato-Black.ttf in Resources */ = {isa = PBXBuildFile; fileRef = 20E9D7AE1DF44D4F00FDBE6F /* Lato-Black.ttf */; };
		20E9D7C01DF44D4F00FDBE6F /* Lato-BlackItalic.ttf in Resources */ = {isa = PBXBuildFile; fileRef = 20E9D7AF1DF44D4F00FDBE6F /* Lato-BlackItalic.ttf */; };
		20E9D7C11DF44D4F00FDBE6F /* Lato-Bold.ttf in Resources */ = {isa = PBXBuildFile; fileRef = 20E9D7B01DF44D4F00FDBE6F /* Lato-Bold.ttf */; };
		20E9D7C21DF44D4F00FDBE6F /* Lato-BoldItalic.ttf in Resources */ = {isa = PBXBuildFile; fileRef = 20E9D7B11DF44D4F00FDBE6F /* Lato-BoldItalic.ttf */; };
		20E9D7C31DF44D4F00FDBE6F /* Lato-Hairline.ttf in Resources */ = {isa = PBXBuildFile; fileRef = 20E9D7B21DF44D4F00FDBE6F /* Lato-Hairline.ttf */; };
		20E9D7C41DF44D4F00FDBE6F /* Lato-HairlineItalic.ttf in Resources */ = {isa = PBXBuildFile; fileRef = 20E9D7B31DF44D4F00FDBE6F /* Lato-HairlineItalic.ttf */; };
		20E9D7C51DF44D4F00FDBE6F /* Lato-Heavy.ttf in Resources */ = {isa = PBXBuildFile; fileRef = 20E9D7B41DF44D4F00FDBE6F /* Lato-Heavy.ttf */; };
		20E9D7C61DF44D4F00FDBE6F /* Lato-HeavyItalic.ttf in Resources */ = {isa = PBXBuildFile; fileRef = 20E9D7B51DF44D4F00FDBE6F /* Lato-HeavyItalic.ttf */; };
		20E9D7C71DF44D4F00FDBE6F /* Lato-Italic.ttf in Resources */ = {isa = PBXBuildFile; fileRef = 20E9D7B61DF44D4F00FDBE6F /* Lato-Italic.ttf */; };
		20E9D7C81DF44D4F00FDBE6F /* Lato-Light.ttf in Resources */ = {isa = PBXBuildFile; fileRef = 20E9D7B71DF44D4F00FDBE6F /* Lato-Light.ttf */; };
		20E9D7C91DF44D4F00FDBE6F /* Lato-LightItalic.ttf in Resources */ = {isa = PBXBuildFile; fileRef = 20E9D7B81DF44D4F00FDBE6F /* Lato-LightItalic.ttf */; };
		20E9D7CA1DF44D4F00FDBE6F /* Lato-Medium.ttf in Resources */ = {isa = PBXBuildFile; fileRef = 20E9D7B91DF44D4F00FDBE6F /* Lato-Medium.ttf */; };
		20E9D7CB1DF44D4F00FDBE6F /* Lato-MediumItalic.ttf in Resources */ = {isa = PBXBuildFile; fileRef = 20E9D7BA1DF44D4F00FDBE6F /* Lato-MediumItalic.ttf */; };
		20E9D7CC1DF44D4F00FDBE6F /* Lato-Semibold.ttf in Resources */ = {isa = PBXBuildFile; fileRef = 20E9D7BB1DF44D4F00FDBE6F /* Lato-Semibold.ttf */; };
		20E9D7CD1DF44D4F00FDBE6F /* Lato-SemiboldItalic.ttf in Resources */ = {isa = PBXBuildFile; fileRef = 20E9D7BC1DF44D4F00FDBE6F /* Lato-SemiboldItalic.ttf */; };
		20E9D7CE1DF44D4F00FDBE6F /* Lato-Thin.ttf in Resources */ = {isa = PBXBuildFile; fileRef = 20E9D7BD1DF44D4F00FDBE6F /* Lato-Thin.ttf */; };
		20E9D7CF1DF44D4F00FDBE6F /* Lato-ThinItalic.ttf in Resources */ = {isa = PBXBuildFile; fileRef = 20E9D7BE1DF44D4F00FDBE6F /* Lato-ThinItalic.ttf */; };
		20E9D7D01DF44DF500FDBE6F /* Lato-Semibold.ttf in Sources */ = {isa = PBXBuildFile; fileRef = 20E9D7BB1DF44D4F00FDBE6F /* Lato-Semibold.ttf */; };
		20EC75931E018E75002428A4 /* ForecastSummaryViewController.swift in Sources */ = {isa = PBXBuildFile; fileRef = 20EC75921E018E75002428A4 /* ForecastSummaryViewController.swift */; };
		20F789541DF6F86200CCE0E3 /* Forecast.swift in Sources */ = {isa = PBXBuildFile; fileRef = 20F789531DF6F86200CCE0E3 /* Forecast.swift */; };
		20F789561DF6FB9F00CCE0E3 /* Place.swift in Sources */ = {isa = PBXBuildFile; fileRef = 20F789551DF6FB9F00CCE0E3 /* Place.swift */; };
		20F789581DF6FE3F00CCE0E3 /* ParseForecastOperation.swift in Sources */ = {isa = PBXBuildFile; fileRef = 20F789571DF6FE3F00CCE0E3 /* ParseForecastOperation.swift */; };
		20F7895C1DF7159200CCE0E3 /* HourlyForecastCollectionViewCell.swift in Sources */ = {isa = PBXBuildFile; fileRef = 20F7895A1DF7159200CCE0E3 /* HourlyForecastCollectionViewCell.swift */; };
		20F7895D1DF7159200CCE0E3 /* HourlyForecastCollectionViewCell.xib in Resources */ = {isa = PBXBuildFile; fileRef = 20F7895B1DF7159200CCE0E3 /* HourlyForecastCollectionViewCell.xib */; };
		FEECD6CC380AA158A1D93270 /* Pods_supWeather.framework in Frameworks */ = {isa = PBXBuildFile; fileRef = 73FF9647E216B7440A045ADD /* Pods_supWeather.framework */; };
/* End PBXBuildFile section */

/* Begin PBXFileReference section */
		205474431DDB44460029686C /* supWeather.app */ = {isa = PBXFileReference; explicitFileType = wrapper.application; includeInIndex = 0; path = supWeather.app; sourceTree = BUILT_PRODUCTS_DIR; };
		205474461DDB44460029686C /* AppDelegate.swift */ = {isa = PBXFileReference; lastKnownFileType = sourcecode.swift; path = AppDelegate.swift; sourceTree = "<group>"; };
		205474481DDB44460029686C /* HomeViewController.swift */ = {isa = PBXFileReference; lastKnownFileType = sourcecode.swift; path = HomeViewController.swift; sourceTree = "<group>"; };
		2054744B1DDB44460029686C /* Base */ = {isa = PBXFileReference; lastKnownFileType = file.storyboard; name = Base; path = Base.lproj/Main.storyboard; sourceTree = "<group>"; };
		2054744E1DDB44460029686C /* supWeather.xcdatamodel */ = {isa = PBXFileReference; lastKnownFileType = wrapper.xcdatamodel; path = supWeather.xcdatamodel; sourceTree = "<group>"; };
		205474501DDB44460029686C /* Assets.xcassets */ = {isa = PBXFileReference; lastKnownFileType = folder.assetcatalog; path = Assets.xcassets; sourceTree = "<group>"; };
		205474531DDB44460029686C /* Base */ = {isa = PBXFileReference; lastKnownFileType = file.storyboard; name = Base; path = Base.lproj/LaunchScreen.storyboard; sourceTree = "<group>"; };
		205474551DDB44460029686C /* Info.plist */ = {isa = PBXFileReference; lastKnownFileType = text.plist.xml; path = Info.plist; sourceTree = "<group>"; };
		2088F8361E02DFFB00659E83 /* TransparentNavigationBar.swift */ = {isa = PBXFileReference; fileEncoding = 4; lastKnownFileType = sourcecode.swift; name = TransparentNavigationBar.swift; path = ../TransparentNavigationBar.swift; sourceTree = "<group>"; };
		209079371E02EC75000B1B2C /* HourlyForecastTableViewCell.swift */ = {isa = PBXFileReference; fileEncoding = 4; lastKnownFileType = sourcecode.swift; path = HourlyForecastTableViewCell.swift; sourceTree = "<group>"; };
		2090793A1E02EE7C000B1B2C /* DailyForecatTableViewCell.swift */ = {isa = PBXFileReference; fileEncoding = 4; lastKnownFileType = sourcecode.swift; path = DailyForecatTableViewCell.swift; sourceTree = "<group>"; };
		20B79CB41E03491A00E8D39D /* LocationOperation.swift */ = {isa = PBXFileReference; fileEncoding = 4; lastKnownFileType = sourcecode.swift; path = LocationOperation.swift; sourceTree = "<group>"; };
		20B79CB81E03621B00E8D39D /* WeatherType.swift */ = {isa = PBXFileReference; fileEncoding = 4; lastKnownFileType = sourcecode.swift; path = WeatherType.swift; sourceTree = "<group>"; };
		20B79CBA1E03622E00E8D39D /* WeekDays.swift */ = {isa = PBXFileReference; fileEncoding = 4; lastKnownFileType = sourcecode.swift; path = WeekDays.swift; sourceTree = "<group>"; };
		20E61E8E1DDB470500D68D87 /* APIRouter.swift */ = {isa = PBXFileReference; fileEncoding = 4; lastKnownFileType = sourcecode.swift; path = APIRouter.swift; sourceTree = "<group>"; };
		20E61E911DDB47C000D68D87 /* NetworkOperation.swift */ = {isa = PBXFileReference; fileEncoding = 4; lastKnownFileType = sourcecode.swift; path = NetworkOperation.swift; sourceTree = "<group>"; };
		20E61E931DDB47DC00D68D87 /* APIResult.swift */ = {isa = PBXFileReference; fileEncoding = 4; lastKnownFileType = sourcecode.swift; path = APIResult.swift; sourceTree = "<group>"; };
		20E61E951DDB485D00D68D87 /* HTTPManager.swift */ = {isa = PBXFileReference; fileEncoding = 4; lastKnownFileType = sourcecode.swift; path = HTTPManager.swift; sourceTree = "<group>"; };
		20E61E981DDB538700D68D87 /* R.generated.swift */ = {isa = PBXFileReference; fileEncoding = 4; lastKnownFileType = sourcecode.swift; path = R.generated.swift; sourceTree = SOURCE_ROOT; };
		20E61E9B1DDB5C0A00D68D87 /* DarkSky.swift */ = {isa = PBXFileReference; fileEncoding = 4; lastKnownFileType = sourcecode.swift; path = DarkSky.swift; sourceTree = "<group>"; };
		20E61EA01DDB623900D68D87 /* ForecastCollectionViewCell.swift */ = {isa = PBXFileReference; fileEncoding = 4; lastKnownFileType = sourcecode.swift; path = ForecastCollectionViewCell.swift; sourceTree = "<group>"; };
		20E61EA11DDB623900D68D87 /* ForecastCollectionViewCell.xib */ = {isa = PBXFileReference; fileEncoding = 4; lastKnownFileType = file.xib; path = ForecastCollectionViewCell.xib; sourceTree = "<group>"; };
		20E9D7AE1DF44D4F00FDBE6F /* Lato-Black.ttf */ = {isa = PBXFileReference; lastKnownFileType = file; path = "Lato-Black.ttf"; sourceTree = "<group>"; };
		20E9D7AF1DF44D4F00FDBE6F /* Lato-BlackItalic.ttf */ = {isa = PBXFileReference; lastKnownFileType = file; path = "Lato-BlackItalic.ttf"; sourceTree = "<group>"; };
		20E9D7B01DF44D4F00FDBE6F /* Lato-Bold.ttf */ = {isa = PBXFileReference; lastKnownFileType = file; path = "Lato-Bold.ttf"; sourceTree = "<group>"; };
		20E9D7B11DF44D4F00FDBE6F /* Lato-BoldItalic.ttf */ = {isa = PBXFileReference; lastKnownFileType = file; path = "Lato-BoldItalic.ttf"; sourceTree = "<group>"; };
		20E9D7B21DF44D4F00FDBE6F /* Lato-Hairline.ttf */ = {isa = PBXFileReference; lastKnownFileType = file; path = "Lato-Hairline.ttf"; sourceTree = "<group>"; };
		20E9D7B31DF44D4F00FDBE6F /* Lato-HairlineItalic.ttf */ = {isa = PBXFileReference; lastKnownFileType = file; path = "Lato-HairlineItalic.ttf"; sourceTree = "<group>"; };
		20E9D7B41DF44D4F00FDBE6F /* Lato-Heavy.ttf */ = {isa = PBXFileReference; lastKnownFileType = file; path = "Lato-Heavy.ttf"; sourceTree = "<group>"; };
		20E9D7B51DF44D4F00FDBE6F /* Lato-HeavyItalic.ttf */ = {isa = PBXFileReference; lastKnownFileType = file; path = "Lato-HeavyItalic.ttf"; sourceTree = "<group>"; };
		20E9D7B61DF44D4F00FDBE6F /* Lato-Italic.ttf */ = {isa = PBXFileReference; lastKnownFileType = file; path = "Lato-Italic.ttf"; sourceTree = "<group>"; };
		20E9D7B71DF44D4F00FDBE6F /* Lato-Light.ttf */ = {isa = PBXFileReference; lastKnownFileType = file; path = "Lato-Light.ttf"; sourceTree = "<group>"; };
		20E9D7B81DF44D4F00FDBE6F /* Lato-LightItalic.ttf */ = {isa = PBXFileReference; lastKnownFileType = file; path = "Lato-LightItalic.ttf"; sourceTree = "<group>"; };
		20E9D7B91DF44D4F00FDBE6F /* Lato-Medium.ttf */ = {isa = PBXFileReference; lastKnownFileType = file; path = "Lato-Medium.ttf"; sourceTree = "<group>"; };
		20E9D7BA1DF44D4F00FDBE6F /* Lato-MediumItalic.ttf */ = {isa = PBXFileReference; lastKnownFileType = file; path = "Lato-MediumItalic.ttf"; sourceTree = "<group>"; };
		20E9D7BB1DF44D4F00FDBE6F /* Lato-Semibold.ttf */ = {isa = PBXFileReference; lastKnownFileType = file; path = "Lato-Semibold.ttf"; sourceTree = "<group>"; };
		20E9D7BC1DF44D4F00FDBE6F /* Lato-SemiboldItalic.ttf */ = {isa = PBXFileReference; lastKnownFileType = file; path = "Lato-SemiboldItalic.ttf"; sourceTree = "<group>"; };
		20E9D7BD1DF44D4F00FDBE6F /* Lato-Thin.ttf */ = {isa = PBXFileReference; lastKnownFileType = file; path = "Lato-Thin.ttf"; sourceTree = "<group>"; };
		20E9D7BE1DF44D4F00FDBE6F /* Lato-ThinItalic.ttf */ = {isa = PBXFileReference; lastKnownFileType = file; path = "Lato-ThinItalic.ttf"; sourceTree = "<group>"; };
		20EC75921E018E75002428A4 /* ForecastSummaryViewController.swift */ = {isa = PBXFileReference; fileEncoding = 4; lastKnownFileType = sourcecode.swift; path = ForecastSummaryViewController.swift; sourceTree = "<group>"; };
		20F789531DF6F86200CCE0E3 /* Forecast.swift */ = {isa = PBXFileReference; fileEncoding = 4; lastKnownFileType = sourcecode.swift; path = Forecast.swift; sourceTree = "<group>"; };
		20F789551DF6FB9F00CCE0E3 /* Place.swift */ = {isa = PBXFileReference; fileEncoding = 4; lastKnownFileType = sourcecode.swift; path = Place.swift; sourceTree = "<group>"; };
		20F789571DF6FE3F00CCE0E3 /* ParseForecastOperation.swift */ = {isa = PBXFileReference; fileEncoding = 4; lastKnownFileType = sourcecode.swift; path = ParseForecastOperation.swift; sourceTree = "<group>"; };
		20F7895A1DF7159200CCE0E3 /* HourlyForecastCollectionViewCell.swift */ = {isa = PBXFileReference; fileEncoding = 4; lastKnownFileType = sourcecode.swift; path = HourlyForecastCollectionViewCell.swift; sourceTree = "<group>"; };
		20F7895B1DF7159200CCE0E3 /* HourlyForecastCollectionViewCell.xib */ = {isa = PBXFileReference; fileEncoding = 4; lastKnownFileType = file.xib; path = HourlyForecastCollectionViewCell.xib; sourceTree = "<group>"; };
		33A6F4A2B9A2DB65AD3E7EBE /* Pods-supWeather.release.xcconfig */ = {isa = PBXFileReference; includeInIndex = 1; lastKnownFileType = text.xcconfig; name = "Pods-supWeather.release.xcconfig"; path = "Pods/Target Support Files/Pods-supWeather/Pods-supWeather.release.xcconfig"; sourceTree = "<group>"; };
		3428263DAF1CCEFC587EE923 /* Pods-supWeather.debug.xcconfig */ = {isa = PBXFileReference; includeInIndex = 1; lastKnownFileType = text.xcconfig; name = "Pods-supWeather.debug.xcconfig"; path = "Pods/Target Support Files/Pods-supWeather/Pods-supWeather.debug.xcconfig"; sourceTree = "<group>"; };
		73FF9647E216B7440A045ADD /* Pods_supWeather.framework */ = {isa = PBXFileReference; explicitFileType = wrapper.framework; includeInIndex = 0; path = Pods_supWeather.framework; sourceTree = BUILT_PRODUCTS_DIR; };
/* End PBXFileReference section */

/* Begin PBXFrameworksBuildPhase section */
		205474401DDB44460029686C /* Frameworks */ = {
			isa = PBXFrameworksBuildPhase;
			buildActionMask = 2147483647;
			files = (
				FEECD6CC380AA158A1D93270 /* Pods_supWeather.framework in Frameworks */,
			);
			runOnlyForDeploymentPostprocessing = 0;
		};
/* End PBXFrameworksBuildPhase section */

/* Begin PBXGroup section */
		2054743A1DDB44460029686C = {
			isa = PBXGroup;
			children = (
				20E61E981DDB538700D68D87 /* R.generated.swift */,
				205474451DDB44460029686C /* supWeather */,
				205474441DDB44460029686C /* Products */,
				CBCC443B96A30E8DC8F43151 /* Pods */,
				7273D2F913AE974C355897F4 /* Frameworks */,
			);
			sourceTree = "<group>";
		};
		205474441DDB44460029686C /* Products */ = {
			isa = PBXGroup;
			children = (
				205474431DDB44460029686C /* supWeather.app */,
			);
			name = Products;
			sourceTree = "<group>";
		};
		205474451DDB44460029686C /* supWeather */ = {
			isa = PBXGroup;
			children = (
				20B79CB61E0361E200E8D39D /* Navigation Bar */,
				20E61E8D1DDB46EE00D68D87 /* API Manager */,
				20E61E901DDB471200D68D87 /* Operations */,
				20F789591DF7017900CCE0E3 /* Entities */,
				20B79CB71E03620E00E8D39D /* Enums */,
				20E9D7AB1DF44CB000FDBE6F /* Ressources */,
				20E61E9D1DDB5FA400D68D87 /* ViewControllers */,
				205474461DDB44460029686C /* AppDelegate.swift */,
				2054744A1DDB44460029686C /* Main.storyboard */,
				205474501DDB44460029686C /* Assets.xcassets */,
				205474521DDB44460029686C /* LaunchScreen.storyboard */,
				205474551DDB44460029686C /* Info.plist */,
				2054744D1DDB44460029686C /* supWeather.xcdatamodeld */,
			);
			path = supWeather;
			sourceTree = "<group>";
		};
		209079391E02EE10000B1B2C /* Cells */ = {
			isa = PBXGroup;
			children = (
				20F7895A1DF7159200CCE0E3 /* HourlyForecastCollectionViewCell.swift */,
				20F7895B1DF7159200CCE0E3 /* HourlyForecastCollectionViewCell.xib */,
				209079371E02EC75000B1B2C /* HourlyForecastTableViewCell.swift */,
				2090793A1E02EE7C000B1B2C /* DailyForecatTableViewCell.swift */,
			);
			name = Cells;
			sourceTree = "<group>";
		};
		20B79CB61E0361E200E8D39D /* Navigation Bar */ = {
			isa = PBXGroup;
			children = (
				2088F8361E02DFFB00659E83 /* TransparentNavigationBar.swift */,
			);
			name = "Navigation Bar";
			sourceTree = "<group>";
		};
		20B79CB71E03620E00E8D39D /* Enums */ = {
			isa = PBXGroup;
			children = (
				20B79CB81E03621B00E8D39D /* WeatherType.swift */,
				20B79CBA1E03622E00E8D39D /* WeekDays.swift */,
			);
			name = Enums;
			sourceTree = "<group>";
		};
		20E61E8D1DDB46EE00D68D87 /* API Manager */ = {
			isa = PBXGroup;
			children = (
				20E61E9A1DDB5BEF00D68D87 /* DarkSky */,
				20E61E8E1DDB470500D68D87 /* APIRouter.swift */,
				20E61E931DDB47DC00D68D87 /* APIResult.swift */,
				20E61E951DDB485D00D68D87 /* HTTPManager.swift */,
			);
			name = "API Manager";
			sourceTree = "<group>";
		};
		20E61E901DDB471200D68D87 /* Operations */ = {
			isa = PBXGroup;
			children = (
				20E61E911DDB47C000D68D87 /* NetworkOperation.swift */,
				20F789571DF6FE3F00CCE0E3 /* ParseForecastOperation.swift */,
				20B79CB41E03491A00E8D39D /* LocationOperation.swift */,
			);
			name = Operations;
			sourceTree = "<group>";
		};
		20E61E9A1DDB5BEF00D68D87 /* DarkSky */ = {
			isa = PBXGroup;
			children = (
				20E61E9B1DDB5C0A00D68D87 /* DarkSky.swift */,
			);
			name = DarkSky;
			sourceTree = "<group>";
		};
		20E61E9D1DDB5FA400D68D87 /* ViewControllers */ = {
			isa = PBXGroup;
			children = (
				20EC75911E018E2A002428A4 /* ForecastSummary */,
				20E61E9E1DDB620200D68D87 /* Home */,
			);
			name = ViewControllers;
			sourceTree = "<group>";
		};
		20E61E9E1DDB620200D68D87 /* Home */ = {
			isa = PBXGroup;
			children = (
				20E61E9F1DDB620A00D68D87 /* Cells */,
				205474481DDB44460029686C /* HomeViewController.swift */,
			);
			name = Home;
			sourceTree = "<group>";
		};
		20E61E9F1DDB620A00D68D87 /* Cells */ = {
			isa = PBXGroup;
			children = (
				20E61EA01DDB623900D68D87 /* ForecastCollectionViewCell.swift */,
				20E61EA11DDB623900D68D87 /* ForecastCollectionViewCell.xib */,
			);
			name = Cells;
			sourceTree = "<group>";
		};
		20E9D7AB1DF44CB000FDBE6F /* Ressources */ = {
			isa = PBXGroup;
			children = (
				20E9D7AC1DF44CC400FDBE6F /* Fonts */,
			);
			name = Ressources;
			sourceTree = "<group>";
		};
		20E9D7AC1DF44CC400FDBE6F /* Fonts */ = {
			isa = PBXGroup;
			children = (
				20E9D7AD1DF44CCB00FDBE6F /* Lato */,
			);
			name = Fonts;
			sourceTree = "<group>";
		};
		20E9D7AD1DF44CCB00FDBE6F /* Lato */ = {
			isa = PBXGroup;
			children = (
				20E9D7AE1DF44D4F00FDBE6F /* Lato-Black.ttf */,
				20E9D7AF1DF44D4F00FDBE6F /* Lato-BlackItalic.ttf */,
				20E9D7B01DF44D4F00FDBE6F /* Lato-Bold.ttf */,
				20E9D7B11DF44D4F00FDBE6F /* Lato-BoldItalic.ttf */,
				20E9D7B21DF44D4F00FDBE6F /* Lato-Hairline.ttf */,
				20E9D7B31DF44D4F00FDBE6F /* Lato-HairlineItalic.ttf */,
				20E9D7B41DF44D4F00FDBE6F /* Lato-Heavy.ttf */,
				20E9D7B51DF44D4F00FDBE6F /* Lato-HeavyItalic.ttf */,
				20E9D7B61DF44D4F00FDBE6F /* Lato-Italic.ttf */,
				20E9D7B71DF44D4F00FDBE6F /* Lato-Light.ttf */,
				20E9D7B81DF44D4F00FDBE6F /* Lato-LightItalic.ttf */,
				20E9D7B91DF44D4F00FDBE6F /* Lato-Medium.ttf */,
				20E9D7BA1DF44D4F00FDBE6F /* Lato-MediumItalic.ttf */,
				20E9D7BB1DF44D4F00FDBE6F /* Lato-Semibold.ttf */,
				20E9D7BC1DF44D4F00FDBE6F /* Lato-SemiboldItalic.ttf */,
				20E9D7BD1DF44D4F00FDBE6F /* Lato-Thin.ttf */,
				20E9D7BE1DF44D4F00FDBE6F /* Lato-ThinItalic.ttf */,
			);
			name = Lato;
			sourceTree = "<group>";
		};
		20EC75911E018E2A002428A4 /* ForecastSummary */ = {
			isa = PBXGroup;
			children = (
				209079391E02EE10000B1B2C /* Cells */,
				20EC75921E018E75002428A4 /* ForecastSummaryViewController.swift */,
			);
			name = ForecastSummary;
			sourceTree = "<group>";
		};
		20F789591DF7017900CCE0E3 /* Entities */ = {
			isa = PBXGroup;
			children = (
				20F789531DF6F86200CCE0E3 /* Forecast.swift */,
				20F789551DF6FB9F00CCE0E3 /* Place.swift */,
			);
			name = Entities;
			sourceTree = "<group>";
		};
		7273D2F913AE974C355897F4 /* Frameworks */ = {
			isa = PBXGroup;
			children = (
				73FF9647E216B7440A045ADD /* Pods_supWeather.framework */,
			);
			name = Frameworks;
			sourceTree = "<group>";
		};
		CBCC443B96A30E8DC8F43151 /* Pods */ = {
			isa = PBXGroup;
			children = (
				3428263DAF1CCEFC587EE923 /* Pods-supWeather.debug.xcconfig */,
				33A6F4A2B9A2DB65AD3E7EBE /* Pods-supWeather.release.xcconfig */,
			);
			name = Pods;
			sourceTree = "<group>";
		};
/* End PBXGroup section */

/* Begin PBXNativeTarget section */
		205474421DDB44460029686C /* supWeather */ = {
			isa = PBXNativeTarget;
			buildConfigurationList = 205474581DDB44460029686C /* Build configuration list for PBXNativeTarget "supWeather" */;
			buildPhases = (
				C1F7BCCB3982A52DF28AA8A6 /* [CP] Check Pods Manifest.lock */,
				20E61E971DDB519200D68D87 /* ShellScript */,
				2054743F1DDB44460029686C /* Sources */,
				205474401DDB44460029686C /* Frameworks */,
				205474411DDB44460029686C /* Resources */,
				51BA291240A39B28DAD5A44A /* [CP] Embed Pods Frameworks */,
				30DAE587D5950A0B3E1B598A /* [CP] Copy Pods Resources */,
			);
			buildRules = (
			);
			dependencies = (
			);
			name = supWeather;
			productName = supWeather;
			productReference = 205474431DDB44460029686C /* supWeather.app */;
			productType = "com.apple.product-type.application";
		};
/* End PBXNativeTarget section */

/* Begin PBXProject section */
		2054743B1DDB44460029686C /* Project object */ = {
			isa = PBXProject;
			attributes = {
				LastSwiftUpdateCheck = 0730;
				LastUpgradeCheck = 0730;
				ORGANIZATIONNAME = Junior;
				TargetAttributes = {
					205474421DDB44460029686C = {
						CreatedOnToolsVersion = 7.3.1;
						DevelopmentTeam = NR64WD7EAE;
					};
				};
			};
			buildConfigurationList = 2054743E1DDB44460029686C /* Build configuration list for PBXProject "supWeather" */;
			compatibilityVersion = "Xcode 3.2";
			developmentRegion = English;
			hasScannedForEncodings = 0;
			knownRegions = (
				en,
				Base,
			);
			mainGroup = 2054743A1DDB44460029686C;
			productRefGroup = 205474441DDB44460029686C /* Products */;
			projectDirPath = "";
			projectRoot = "";
			targets = (
				205474421DDB44460029686C /* supWeather */,
			);
		};
/* End PBXProject section */

/* Begin PBXResourcesBuildPhase section */
		205474411DDB44460029686C /* Resources */ = {
			isa = PBXResourcesBuildPhase;
			buildActionMask = 2147483647;
			files = (
				20E9D7C11DF44D4F00FDBE6F /* Lato-Bold.ttf in Resources */,
				20E9D7CF1DF44D4F00FDBE6F /* Lato-ThinItalic.ttf in Resources */,
				20E9D7C91DF44D4F00FDBE6F /* Lato-LightItalic.ttf in Resources */,
				205474541DDB44460029686C /* LaunchScreen.storyboard in Resources */,
				20E9D7C71DF44D4F00FDBE6F /* Lato-Italic.ttf in Resources */,
				20E9D7C41DF44D4F00FDBE6F /* Lato-HairlineItalic.ttf in Resources */,
				20E61EA31DDB623900D68D87 /* ForecastCollectionViewCell.xib in Resources */,
				20E9D7CD1DF44D4F00FDBE6F /* Lato-SemiboldItalic.ttf in Resources */,
				20E9D7CB1DF44D4F00FDBE6F /* Lato-MediumItalic.ttf in Resources */,
				20E9D7C61DF44D4F00FDBE6F /* Lato-HeavyItalic.ttf in Resources */,
				20E9D7C21DF44D4F00FDBE6F /* Lato-BoldItalic.ttf in Resources */,
				20E9D7C01DF44D4F00FDBE6F /* Lato-BlackItalic.ttf in Resources */,
				20E9D7CA1DF44D4F00FDBE6F /* Lato-Medium.ttf in Resources */,
				20E9D7CC1DF44D4F00FDBE6F /* Lato-Semibold.ttf in Resources */,
				20F7895D1DF7159200CCE0E3 /* HourlyForecastCollectionViewCell.xib in Resources */,
				20E9D7C31DF44D4F00FDBE6F /* Lato-Hairline.ttf in Resources */,
				205474511DDB44460029686C /* Assets.xcassets in Resources */,
				20E9D7BF1DF44D4F00FDBE6F /* Lato-Black.ttf in Resources */,
				2054744C1DDB44460029686C /* Main.storyboard in Resources */,
				20E9D7CE1DF44D4F00FDBE6F /* Lato-Thin.ttf in Resources */,
				20E9D7C51DF44D4F00FDBE6F /* Lato-Heavy.ttf in Resources */,
				20E9D7C81DF44D4F00FDBE6F /* Lato-Light.ttf in Resources */,
			);
			runOnlyForDeploymentPostprocessing = 0;
		};
/* End PBXResourcesBuildPhase section */

/* Begin PBXShellScriptBuildPhase section */
		20E61E971DDB519200D68D87 /* ShellScript */ = {
			isa = PBXShellScriptBuildPhase;
			buildActionMask = 2147483647;
			files = (
			);
			inputPaths = (
			);
			outputPaths = (
			);
			runOnlyForDeploymentPostprocessing = 0;
			shellPath = /bin/sh;
			shellScript = "\"$PODS_ROOT/R.swift/rswift\" \"$SRCROOT\"";
		};
		30DAE587D5950A0B3E1B598A /* [CP] Copy Pods Resources */ = {
			isa = PBXShellScriptBuildPhase;
			buildActionMask = 2147483647;
			files = (
			);
			inputPaths = (
			);
			name = "[CP] Copy Pods Resources";
			outputPaths = (
			);
			runOnlyForDeploymentPostprocessing = 0;
			shellPath = /bin/sh;
			shellScript = "\"${SRCROOT}/Pods/Target Support Files/Pods-supWeather/Pods-supWeather-resources.sh\"\n";
			showEnvVarsInLog = 0;
		};
		51BA291240A39B28DAD5A44A /* [CP] Embed Pods Frameworks */ = {
			isa = PBXShellScriptBuildPhase;
			buildActionMask = 2147483647;
			files = (
			);
			inputPaths = (
			);
			name = "[CP] Embed Pods Frameworks";
			outputPaths = (
			);
			runOnlyForDeploymentPostprocessing = 0;
			shellPath = /bin/sh;
			shellScript = "\"${SRCROOT}/Pods/Target Support Files/Pods-supWeather/Pods-supWeather-frameworks.sh\"\n";
			showEnvVarsInLog = 0;
		};
		C1F7BCCB3982A52DF28AA8A6 /* [CP] Check Pods Manifest.lock */ = {
			isa = PBXShellScriptBuildPhase;
			buildActionMask = 2147483647;
			files = (
			);
			inputPaths = (
			);
			name = "[CP] Check Pods Manifest.lock";
			outputPaths = (
			);
			runOnlyForDeploymentPostprocessing = 0;
			shellPath = /bin/sh;
			shellScript = "diff \"${PODS_ROOT}/../Podfile.lock\" \"${PODS_ROOT}/Manifest.lock\" > /dev/null\nif [ $? != 0 ] ; then\n    # print error to STDERR\n    echo \"error: The sandbox is not in sync with the Podfile.lock. Run 'pod install' or update your CocoaPods installation.\" >&2\n    exit 1\nfi\n";
			showEnvVarsInLog = 0;
		};
/* End PBXShellScriptBuildPhase section */

/* Begin PBXSourcesBuildPhase section */
		2054743F1DDB44460029686C /* Sources */ = {
			isa = PBXSourcesBuildPhase;
			buildActionMask = 2147483647;
			files = (
				20B79CB51E03491A00E8D39D /* LocationOperation.swift in Sources */,
				20E9D7D01DF44DF500FDBE6F /* Lato-Semibold.ttf in Sources */,
				20B79CBB1E03622E00E8D39D /* WeekDays.swift in Sources */,
				2088F8371E02DFFB00659E83 /* TransparentNavigationBar.swift in Sources */,
				20F789561DF6FB9F00CCE0E3 /* Place.swift in Sources */,
				20EC75931E018E75002428A4 /* ForecastSummaryViewController.swift in Sources */,
				20E61E961DDB485D00D68D87 /* HTTPManager.swift in Sources */,
				2054744F1DDB44460029686C /* supWeather.xcdatamodeld in Sources */,
				20E61E8F1DDB470500D68D87 /* APIRouter.swift in Sources */,
				20F789541DF6F86200CCE0E3 /* Forecast.swift in Sources */,
				20F789581DF6FE3F00CCE0E3 /* ParseForecastOperation.swift in Sources */,
				20E61E991DDB538700D68D87 /* R.generated.swift in Sources */,
				20E61E9C1DDB5C0A00D68D87 /* DarkSky.swift in Sources */,
				20E61E921DDB47C000D68D87 /* NetworkOperation.swift in Sources */,
				20E61E941DDB47DC00D68D87 /* APIResult.swift in Sources */,
				205474491DDB44460029686C /* HomeViewController.swift in Sources */,
				2090793B1E02EE7C000B1B2C /* DailyForecatTableViewCell.swift in Sources */,
				20B79CB91E03621B00E8D39D /* WeatherType.swift in Sources */,
				20E61EA21DDB623900D68D87 /* ForecastCollectionViewCell.swift in Sources */,
				20F7895C1DF7159200CCE0E3 /* HourlyForecastCollectionViewCell.swift in Sources */,
				205474471DDB44460029686C /* AppDelegate.swift in Sources */,
				209079381E02EC75000B1B2C /* HourlyForecastTableViewCell.swift in Sources */,
			);
			runOnlyForDeploymentPostprocessing = 0;
		};
/* End PBXSourcesBuildPhase section */

/* Begin PBXVariantGroup section */
		2054744A1DDB44460029686C /* Main.storyboard */ = {
			isa = PBXVariantGroup;
			children = (
				2054744B1DDB44460029686C /* Base */,
			);
			name = Main.storyboard;
			sourceTree = "<group>";
		};
		205474521DDB44460029686C /* LaunchScreen.storyboard */ = {
			isa = PBXVariantGroup;
			children = (
				205474531DDB44460029686C /* Base */,
			);
			name = LaunchScreen.storyboard;
			sourceTree = "<group>";
		};
/* End PBXVariantGroup section */

/* Begin XCBuildConfiguration section */
		205474561DDB44460029686C /* Debug */ = {
			isa = XCBuildConfiguration;
			buildSettings = {
				ALWAYS_SEARCH_USER_PATHS = NO;
				CLANG_ANALYZER_NONNULL = YES;
				CLANG_CXX_LANGUAGE_STANDARD = "gnu++0x";
				CLANG_CXX_LIBRARY = "libc++";
				CLANG_ENABLE_MODULES = YES;
				CLANG_ENABLE_OBJC_ARC = YES;
				CLANG_WARN_BOOL_CONVERSION = YES;
				CLANG_WARN_CONSTANT_CONVERSION = YES;
				CLANG_WARN_DIRECT_OBJC_ISA_USAGE = YES_ERROR;
				CLANG_WARN_EMPTY_BODY = YES;
				CLANG_WARN_ENUM_CONVERSION = YES;
				CLANG_WARN_INT_CONVERSION = YES;
				CLANG_WARN_OBJC_ROOT_CLASS = YES_ERROR;
				CLANG_WARN_UNREACHABLE_CODE = YES;
				CLANG_WARN__DUPLICATE_METHOD_MATCH = YES;
				"CODE_SIGN_IDENTITY[sdk=iphoneos*]" = "iPhone Developer";
				COPY_PHASE_STRIP = NO;
				DEBUG_INFORMATION_FORMAT = dwarf;
				ENABLE_STRICT_OBJC_MSGSEND = YES;
				ENABLE_TESTABILITY = YES;
				GCC_C_LANGUAGE_STANDARD = gnu99;
				GCC_DYNAMIC_NO_PIC = NO;
				GCC_NO_COMMON_BLOCKS = YES;
				GCC_OPTIMIZATION_LEVEL = 0;
				GCC_PREPROCESSOR_DEFINITIONS = (
					"DEBUG=1",
					"$(inherited)",
				);
				GCC_WARN_64_TO_32_BIT_CONVERSION = YES;
				GCC_WARN_ABOUT_RETURN_TYPE = YES_ERROR;
				GCC_WARN_UNDECLARED_SELECTOR = YES;
				GCC_WARN_UNINITIALIZED_AUTOS = YES_AGGRESSIVE;
				GCC_WARN_UNUSED_FUNCTION = YES;
				GCC_WARN_UNUSED_VARIABLE = YES;
				IPHONEOS_DEPLOYMENT_TARGET = 9.3;
				MTL_ENABLE_DEBUG_INFO = YES;
				ONLY_ACTIVE_ARCH = YES;
				SDKROOT = iphoneos;
				SWIFT_OPTIMIZATION_LEVEL = "-Onone";
			};
			name = Debug;
		};
		205474571DDB44460029686C /* Release */ = {
			isa = XCBuildConfiguration;
			buildSettings = {
				ALWAYS_SEARCH_USER_PATHS = NO;
				CLANG_ANALYZER_NONNULL = YES;
				CLANG_CXX_LANGUAGE_STANDARD = "gnu++0x";
				CLANG_CXX_LIBRARY = "libc++";
				CLANG_ENABLE_MODULES = YES;
				CLANG_ENABLE_OBJC_ARC = YES;
				CLANG_WARN_BOOL_CONVERSION = YES;
				CLANG_WARN_CONSTANT_CONVERSION = YES;
				CLANG_WARN_DIRECT_OBJC_ISA_USAGE = YES_ERROR;
				CLANG_WARN_EMPTY_BODY = YES;
				CLANG_WARN_ENUM_CONVERSION = YES;
				CLANG_WARN_INT_CONVERSION = YES;
				CLANG_WARN_OBJC_ROOT_CLASS = YES_ERROR;
				CLANG_WARN_UNREACHABLE_CODE = YES;
				CLANG_WARN__DUPLICATE_METHOD_MATCH = YES;
				"CODE_SIGN_IDENTITY[sdk=iphoneos*]" = "iPhone Developer";
				COPY_PHASE_STRIP = NO;
				DEBUG_INFORMATION_FORMAT = "dwarf-with-dsym";
				ENABLE_NS_ASSERTIONS = NO;
				ENABLE_STRICT_OBJC_MSGSEND = YES;
				GCC_C_LANGUAGE_STANDARD = gnu99;
				GCC_NO_COMMON_BLOCKS = YES;
				GCC_WARN_64_TO_32_BIT_CONVERSION = YES;
				GCC_WARN_ABOUT_RETURN_TYPE = YES_ERROR;
				GCC_WARN_UNDECLARED_SELECTOR = YES;
				GCC_WARN_UNINITIALIZED_AUTOS = YES_AGGRESSIVE;
				GCC_WARN_UNUSED_FUNCTION = YES;
				GCC_WARN_UNUSED_VARIABLE = YES;
				IPHONEOS_DEPLOYMENT_TARGET = 9.3;
				MTL_ENABLE_DEBUG_INFO = NO;
				SDKROOT = iphoneos;
				VALIDATE_PRODUCT = YES;
			};
			name = Release;
		};
		205474591DDB44460029686C /* Debug */ = {
			isa = XCBuildConfiguration;
			baseConfigurationReference = 3428263DAF1CCEFC587EE923 /* Pods-supWeather.debug.xcconfig */;
			buildSettings = {
				ASSETCATALOG_COMPILER_APPICON_NAME = AppIcon;
				CODE_SIGN_IDENTITY = "iPhone Developer";
				"CODE_SIGN_IDENTITY[sdk=iphoneos*]" = "iPhone Developer";
				INFOPLIST_FILE = supWeather/Info.plist;
				LD_RUNPATH_SEARCH_PATHS = "$(inherited) @executable_path/Frameworks";
				PRODUCT_BUNDLE_IDENTIFIER = com.juniorb.supWeather;
				PRODUCT_NAME = "$(TARGET_NAME)";
				PROVISIONING_PROFILE = "";
			};
			name = Debug;
		};
		2054745A1DDB44460029686C /* Release */ = {
			isa = XCBuildConfiguration;
			baseConfigurationReference = 33A6F4A2B9A2DB65AD3E7EBE /* Pods-supWeather.release.xcconfig */;
			buildSettings = {
				ASSETCATALOG_COMPILER_APPICON_NAME = AppIcon;
				CODE_SIGN_IDENTITY = "iPhone Developer";
				"CODE_SIGN_IDENTITY[sdk=iphoneos*]" = "iPhone Developer";
				INFOPLIST_FILE = supWeather/Info.plist;
				LD_RUNPATH_SEARCH_PATHS = "$(inherited) @executable_path/Frameworks";
				PRODUCT_BUNDLE_IDENTIFIER = com.juniorb.supWeather;
				PRODUCT_NAME = "$(TARGET_NAME)";
				PROVISIONING_PROFILE = "";
			};
			name = Release;
		};
/* End XCBuildConfiguration section */

/* Begin XCConfigurationList section */
		2054743E1DDB44460029686C /* Build configuration list for PBXProject "supWeather" */ = {
			isa = XCConfigurationList;
			buildConfigurations = (
				205474561DDB44460029686C /* Debug */,
				205474571DDB44460029686C /* Release */,
			);
			defaultConfigurationIsVisible = 0;
			defaultConfigurationName = Release;
		};
		205474581DDB44460029686C /* Build configuration list for PBXNativeTarget "supWeather" */ = {
			isa = XCConfigurationList;
			buildConfigurations = (
				205474591DDB44460029686C /* Debug */,
				2054745A1DDB44460029686C /* Release */,
			);
			defaultConfigurationIsVisible = 0;
			defaultConfigurationName = Release;
		};
/* End XCConfigurationList section */

/* Begin XCVersionGroup section */
		2054744D1DDB44460029686C /* supWeather.xcdatamodeld */ = {
			isa = XCVersionGroup;
			children = (
				2054744E1DDB44460029686C /* supWeather.xcdatamodel */,
			);
			currentVersion = 2054744E1DDB44460029686C /* supWeather.xcdatamodel */;
			path = supWeather.xcdatamodeld;
			sourceTree = "<group>";
			versionGroupType = wrapper.xcdatamodel;
		};
/* End XCVersionGroup section */
	};
	rootObject = 2054743B1DDB44460029686C /* Project object */;
}
