PODS:
  - Alamofire (3.4.1)
  - DynamicColor (2.4.0)
  - expanding-collection (0.3.2)
  - Operations (3.1.0):
    - Operations/Standard (= 3.1.0)
  - Operations/Standard (3.1.0)
  - R.swift (2.4.0):
    - R.swift.Library (~> 2.2.0)
  - R.swift.Library (2.2.0)
  - SwiftyJSON (2.3.2)
  - Timberjack (0.0.2)

DEPENDENCIES:
  - Alamofire (= 3.4.1)
  - DynamicColor (= 2.4.0)
  - expanding-collection (~> 0.3.2)
  - Operations (= 3.1.0)
  - R.swift (= 2.4.0)
  - SwiftyJSON (= 2.3.2)
  - Timberjack

SPEC CHECKSUMS:
  Alamofire: 01a82e2f6c0f860ade35534c8dd88be61bdef40c
  DynamicColor: 2f3fd61053684667bad9f03045dcf9a2a5a007ea
  expanding-collection: 0a237d343a1d71472a312296a8e1359be01244ab
  Operations: d09dbb1c32ce01061ebbb022c8a955b34fd9ec35
  R.swift: 0ef9c42dc6c94ac44a3c78a7639c73f855a8e159
  R.swift.Library: 31a487b65381f37a7d203a6f1f935b43c9be35b0
  SwiftyJSON: 04ccea08915aa0109039157c7974cf0298da292a
  Timberjack: 4181fb4fa5c0c02a0855deb5aa1ade6043db7b42

PODFILE CHECKSUM: 6d2a1af1fcb320455fcb642d5ac2dd538493164c

COCOAPODS: 1.1.0.rc.2
